
Microsoft Visual Studio Solution File, Format Version 12.00
# Visual Studio Version 17
VisualStudioVersion = 17.8.34309.116
MinimumVisualStudioVersion = 10.0.40219.1
Project("{FAE04EC0-301F-11D3-BF4B-00C04F79EFBC}") = "TextSplitter", "TextSplitter.csproj", "{D4B81E2A-65B2-49FE-B8C2-83AFDE5EEF28}"
EndProject
Global
	GlobalSection(SolutionConfigurationPlatforms) = preSolution
		Debug|Any CPU = Debug|Any CPU
		Release|Any CPU = Release|Any CPU
	EndGlobalSection
	GlobalSection(ProjectConfigurationPlatforms) = postSolution
		{D4B81E2A-65B2-49FE-B8C2-83AFDE5EEF28}.Debug|Any CPU.ActiveCfg = Debug|Any CPU
		{D4B81E2A-65B2-49FE-B8C2-83AFDE5EEF28}.Debug|Any CPU.Build.0 = Debug|Any CPU
		{D4B81E2A-65B2-49FE-B8C2-83AFDE5EEF28}.Release|Any CPU.ActiveCfg = Release|Any CPU
		{D4B81E2A-65B2-49FE-B8C2-83AFDE5EEF28}.Release|Any CPU.Build.0 = Release|Any CPU
	EndGlobalSection
	GlobalSection(SolutionProperties) = preSolution
		HideSolutionNode = FALSE
	EndGlobalSection
	GlobalSection(ExtensibilityGlobals) = postSolution
		SolutionGuid = {9422DA4A-58A6-43F1-88DA-4CAFA9FC20B4}
	EndGlobalSection
EndGlobal
