
Microsoft Visual Studio Solution File, Format Version 12.00
# Visual Studio Version 17
VisualStudioVersion = 17.3.32825.248
MinimumVisualStudioVersion = 10.0.40219.1
Project("{FAE04EC0-301F-11D3-BF4B-00C04F79EFBC}") = "01. Count Real Numbers", "01. Count Real Numbers\01. Count Real Numbers.csproj", "{08800C44-3B73-43AB-A52C-1D55C05128F5}"
EndProject
Project("{FAE04EC0-301F-11D3-BF4B-00C04F79EFBC}") = "02. Odd Occurrences", "02. Odd Occurrences\02. Odd Occurrences.csproj", "{4F3DF1C2-0CEC-44C3-AA28-5490BAC46762}"
EndProject
Project("{FAE04EC0-301F-11D3-BF4B-00C04F79EFBC}") = "03. Word Synonyms", "03. Word Synonyms\03. Word Synonyms.csproj", "{1299ACD2-76C8-4412-81C6-694E25E24E88}"
EndProject
Project("{FAE04EC0-301F-11D3-BF4B-00C04F79EFBC}") = "04. Word Filter", "04. Word Filter\04. Word Filter.csproj", "{1D101302-998D-4F27-AF80-70DE249E321E}"
EndProject
Global
	GlobalSection(SolutionConfigurationPlatforms) = preSolution
		Debug|Any CPU = Debug|Any CPU
		Release|Any CPU = Release|Any CPU
	EndGlobalSection
	GlobalSection(ProjectConfigurationPlatforms) = postSolution
		{08800C44-3B73-43AB-A52C-1D55C05128F5}.Debug|Any CPU.ActiveCfg = Debug|Any CPU
		{08800C44-3B73-43AB-A52C-1D55C05128F5}.Debug|Any CPU.Build.0 = Debug|Any CPU
		{08800C44-3B73-43AB-A52C-1D55C05128F5}.Release|Any CPU.ActiveCfg = Release|Any CPU
		{08800C44-3B73-43AB-A52C-1D55C05128F5}.Release|Any CPU.Build.0 = Release|Any CPU
		{4F3DF1C2-0CEC-44C3-AA28-5490BAC46762}.Debug|Any CPU.ActiveCfg = Debug|Any CPU
		{4F3DF1C2-0CEC-44C3-AA28-5490BAC46762}.Debug|Any CPU.Build.0 = Debug|Any CPU
		{4F3DF1C2-0CEC-44C3-AA28-5490BAC46762}.Release|Any CPU.ActiveCfg = Release|Any CPU
		{4F3DF1C2-0CEC-44C3-AA28-5490BAC46762}.Release|Any CPU.Build.0 = Release|Any CPU
		{1299ACD2-76C8-4412-81C6-694E25E24E88}.Debug|Any CPU.ActiveCfg = Debug|Any CPU
		{1299ACD2-76C8-4412-81C6-694E25E24E88}.Debug|Any CPU.Build.0 = Debug|Any CPU
		{1299ACD2-76C8-4412-81C6-694E25E24E88}.Release|Any CPU.ActiveCfg = Release|Any CPU
		{1299ACD2-76C8-4412-81C6-694E25E24E88}.Release|Any CPU.Build.0 = Release|Any CPU
		{1D101302-998D-4F27-AF80-70DE249E321E}.Debug|Any CPU.ActiveCfg = Debug|Any CPU
		{1D101302-998D-4F27-AF80-70DE249E321E}.Debug|Any CPU.Build.0 = Debug|Any CPU
		{1D101302-998D-4F27-AF80-70DE249E321E}.Release|Any CPU.ActiveCfg = Release|Any CPU
		{1D101302-998D-4F27-AF80-70DE249E321E}.Release|Any CPU.Build.0 = Release|Any CPU
	EndGlobalSection
	GlobalSection(SolutionProperties) = preSolution
		HideSolutionNode = FALSE
	EndGlobalSection
	GlobalSection(ExtensibilityGlobals) = postSolution
		SolutionGuid = {A284759D-8BC3-4714-87D6-0C192D558CC8}
	EndGlobalSection
EndGlobal
