
Microsoft Visual Studio Solution File, Format Version 12.00
# Visual Studio Version 17
VisualStudioVersion = 17.3.32825.248
MinimumVisualStudioVersion = 10.0.40219.1
Project("{FAE04EC0-301F-11D3-BF4B-00C04F79EFBC}") = "01. Sort Even Numbers", "01. Sort Even Numbers\01. Sort Even Numbers.csproj", "{851BC401-B840-43AC-A560-D9344282443D}"
EndProject
Project("{FAE04EC0-301F-11D3-BF4B-00C04F79EFBC}") = "02. Sum Numbers", "02. Sum Numbers\02. Sum Numbers.csproj", "{892EAD31-0E7B-4D35-A5FA-7249A6F9E268}"
EndProject
Project("{FAE04EC0-301F-11D3-BF4B-00C04F79EFBC}") = "03. Count Uppercase Words", "03. Count Uppercase Words\03. Count Uppercase Words.csproj", "{5A49FB18-FF76-451C-ACB9-C735E09B8CF8}"
EndProject
Project("{FAE04EC0-301F-11D3-BF4B-00C04F79EFBC}") = "04. Add VAT", "04. Add VAT\04. Add VAT.csproj", "{DEF28DBF-E465-4D8C-87A8-6883AA9CE6D6}"
EndProject
Project("{FAE04EC0-301F-11D3-BF4B-00C04F79EFBC}") = "05. Filter By Age", "05. Filter By Age\05. Filter By Age.csproj", "{2C3CBE7A-AF9E-4E09-89AC-7AE359F6C9BD}"
EndProject
Global
	GlobalSection(SolutionConfigurationPlatforms) = preSolution
		Debug|Any CPU = Debug|Any CPU
		Release|Any CPU = Release|Any CPU
	EndGlobalSection
	GlobalSection(ProjectConfigurationPlatforms) = postSolution
		{851BC401-B840-43AC-A560-D9344282443D}.Debug|Any CPU.ActiveCfg = Debug|Any CPU
		{851BC401-B840-43AC-A560-D9344282443D}.Debug|Any CPU.Build.0 = Debug|Any CPU
		{851BC401-B840-43AC-A560-D9344282443D}.Release|Any CPU.ActiveCfg = Release|Any CPU
		{851BC401-B840-43AC-A560-D9344282443D}.Release|Any CPU.Build.0 = Release|Any CPU
		{892EAD31-0E7B-4D35-A5FA-7249A6F9E268}.Debug|Any CPU.ActiveCfg = Debug|Any CPU
		{892EAD31-0E7B-4D35-A5FA-7249A6F9E268}.Debug|Any CPU.Build.0 = Debug|Any CPU
		{892EAD31-0E7B-4D35-A5FA-7249A6F9E268}.Release|Any CPU.ActiveCfg = Release|Any CPU
		{892EAD31-0E7B-4D35-A5FA-7249A6F9E268}.Release|Any CPU.Build.0 = Release|Any CPU
		{5A49FB18-FF76-451C-ACB9-C735E09B8CF8}.Debug|Any CPU.ActiveCfg = Debug|Any CPU
		{5A49FB18-FF76-451C-ACB9-C735E09B8CF8}.Debug|Any CPU.Build.0 = Debug|Any CPU
		{5A49FB18-FF76-451C-ACB9-C735E09B8CF8}.Release|Any CPU.ActiveCfg = Release|Any CPU
		{5A49FB18-FF76-451C-ACB9-C735E09B8CF8}.Release|Any CPU.Build.0 = Release|Any CPU
		{DEF28DBF-E465-4D8C-87A8-6883AA9CE6D6}.Debug|Any CPU.ActiveCfg = Debug|Any CPU
		{DEF28DBF-E465-4D8C-87A8-6883AA9CE6D6}.Debug|Any CPU.Build.0 = Debug|Any CPU
		{DEF28DBF-E465-4D8C-87A8-6883AA9CE6D6}.Release|Any CPU.ActiveCfg = Release|Any CPU
		{DEF28DBF-E465-4D8C-87A8-6883AA9CE6D6}.Release|Any CPU.Build.0 = Release|Any CPU
		{2C3CBE7A-AF9E-4E09-89AC-7AE359F6C9BD}.Debug|Any CPU.ActiveCfg = Debug|Any CPU
		{2C3CBE7A-AF9E-4E09-89AC-7AE359F6C9BD}.Debug|Any CPU.Build.0 = Debug|Any CPU
		{2C3CBE7A-AF9E-4E09-89AC-7AE359F6C9BD}.Release|Any CPU.ActiveCfg = Release|Any CPU
		{2C3CBE7A-AF9E-4E09-89AC-7AE359F6C9BD}.Release|Any CPU.Build.0 = Release|Any CPU
	EndGlobalSection
	GlobalSection(SolutionProperties) = preSolution
		HideSolutionNode = FALSE
	EndGlobalSection
	GlobalSection(ExtensibilityGlobals) = postSolution
		SolutionGuid = {A0605D42-5BBB-4A76-AE1B-BB7382279295}
	EndGlobalSection
EndGlobal
