
Microsoft Visual Studio Solution File, Format Version 12.00
# Visual Studio Version 17
VisualStudioVersion = 17.3.32825.248
MinimumVisualStudioVersion = 10.0.40219.1
Project("{FAE04EC0-301F-11D3-BF4B-00C04F79EFBC}") = "01.Shapes", "01.Shapes\01.Shapes.csproj", "{6E696DEA-B0AB-4FA6-A448-0CDC0A1A3C4F}"
EndProject
Project("{FAE04EC0-301F-11D3-BF4B-00C04F79EFBC}") = "02.Cars", "02.Cars\02.Cars.csproj", "{57B3BE5D-038E-4CD7-AE52-A658B4735343}"
EndProject
Global
	GlobalSection(SolutionConfigurationPlatforms) = preSolution
		Debug|Any CPU = Debug|Any CPU
		Release|Any CPU = Release|Any CPU
	EndGlobalSection
	GlobalSection(ProjectConfigurationPlatforms) = postSolution
		{6E696DEA-B0AB-4FA6-A448-0CDC0A1A3C4F}.Debug|Any CPU.ActiveCfg = Debug|Any CPU
		{6E696DEA-B0AB-4FA6-A448-0CDC0A1A3C4F}.Debug|Any CPU.Build.0 = Debug|Any CPU
		{6E696DEA-B0AB-4FA6-A448-0CDC0A1A3C4F}.Release|Any CPU.ActiveCfg = Release|Any CPU
		{6E696DEA-B0AB-4FA6-A448-0CDC0A1A3C4F}.Release|Any CPU.Build.0 = Release|Any CPU
		{57B3BE5D-038E-4CD7-AE52-A658B4735343}.Debug|Any CPU.ActiveCfg = Debug|Any CPU
		{57B3BE5D-038E-4CD7-AE52-A658B4735343}.Debug|Any CPU.Build.0 = Debug|Any CPU
		{57B3BE5D-038E-4CD7-AE52-A658B4735343}.Release|Any CPU.ActiveCfg = Release|Any CPU
		{57B3BE5D-038E-4CD7-AE52-A658B4735343}.Release|Any CPU.Build.0 = Release|Any CPU
	EndGlobalSection
	GlobalSection(SolutionProperties) = preSolution
		HideSolutionNode = FALSE
	EndGlobalSection
	GlobalSection(ExtensibilityGlobals) = postSolution
		SolutionGuid = {2D4555FB-500B-4CB6-8B98-4B7B988B1567}
	EndGlobalSection
EndGlobal
