
Microsoft Visual Studio Solution File, Format Version 12.00
# Visual Studio Version 17
VisualStudioVersion = 17.3.32825.248
MinimumVisualStudioVersion = 10.0.40219.1
Project("{FAE04EC0-301F-11D3-BF4B-00C04F79EFBC}") = "P02_FootballBetting", "P02_FootballBetting.csproj", "{364018A3-2E99-4B7C-97A5-D8E4944A4845}"
EndProject
Project("{FAE04EC0-301F-11D3-BF4B-00C04F79EFBC}") = "P02_FootballBetting.Data", "..\P02_FootballBetting.Data\P02_FootballBetting.Data.csproj", "{A9226480-9CD1-42C4-BB96-59A4043F9274}"
EndProject
Project("{FAE04EC0-301F-11D3-BF4B-00C04F79EFBC}") = "P02_FootballBetting.Data.Models", "..\P02_FootballBetting.Data.Models\P02_FootballBetting.Data.Models.csproj", "{4EA32701-F849-4E35-AC43-514948CAB986}"
EndProject
Global
	GlobalSection(SolutionConfigurationPlatforms) = preSolution
		Debug|Any CPU = Debug|Any CPU
		Release|Any CPU = Release|Any CPU
	EndGlobalSection
	GlobalSection(ProjectConfigurationPlatforms) = postSolution
		{364018A3-2E99-4B7C-97A5-D8E4944A4845}.Debug|Any CPU.ActiveCfg = Debug|Any CPU
		{364018A3-2E99-4B7C-97A5-D8E4944A4845}.Debug|Any CPU.Build.0 = Debug|Any CPU
		{364018A3-2E99-4B7C-97A5-D8E4944A4845}.Release|Any CPU.ActiveCfg = Release|Any CPU
		{364018A3-2E99-4B7C-97A5-D8E4944A4845}.Release|Any CPU.Build.0 = Release|Any CPU
		{A9226480-9CD1-42C4-BB96-59A4043F9274}.Debug|Any CPU.ActiveCfg = Debug|Any CPU
		{A9226480-9CD1-42C4-BB96-59A4043F9274}.Debug|Any CPU.Build.0 = Debug|Any CPU
		{A9226480-9CD1-42C4-BB96-59A4043F9274}.Release|Any CPU.ActiveCfg = Release|Any CPU
		{A9226480-9CD1-42C4-BB96-59A4043F9274}.Release|Any CPU.Build.0 = Release|Any CPU
		{4EA32701-F849-4E35-AC43-514948CAB986}.Debug|Any CPU.ActiveCfg = Debug|Any CPU
		{4EA32701-F849-4E35-AC43-514948CAB986}.Debug|Any CPU.Build.0 = Debug|Any CPU
		{4EA32701-F849-4E35-AC43-514948CAB986}.Release|Any CPU.ActiveCfg = Release|Any CPU
		{4EA32701-F849-4E35-AC43-514948CAB986}.Release|Any CPU.Build.0 = Release|Any CPU
	EndGlobalSection
	GlobalSection(SolutionProperties) = preSolution
		HideSolutionNode = FALSE
	EndGlobalSection
	GlobalSection(ExtensibilityGlobals) = postSolution
		SolutionGuid = {8CEDA0E2-DAAC-4C7F-8FCD-F3E6A3C99541}
	EndGlobalSection
EndGlobal
