
Microsoft Visual Studio Solution File, Format Version 12.00
# Visual Studio Version 17
VisualStudioVersion = 17.3.32825.248
MinimumVisualStudioVersion = 10.0.40219.1
Project("{9A19103F-16F7-4668-BE54-9A1E7A4F7556}") = "02. Snake", "02. Snake\02. Snake.csproj", "{D225CA4E-0AEB-4BF1-9F93-CA1B90EA3B55}"
EndProject
Project("{9A19103F-16F7-4668-BE54-9A1E7A4F7556}") = "01. Bombs", "01. Bombs\01. Bombs.csproj", "{D17EBE66-9577-4036-BFC7-304D0EE5A619}"
EndProject
Project("{9A19103F-16F7-4668-BE54-9A1E7A4F7556}") = "03. Parking", "03. Parking\03. Parking.csproj", "{0AE7234C-8443-45DC-97FF-976525561849}"
EndProject
Project("{9A19103F-16F7-4668-BE54-9A1E7A4F7556}") = "04. Flower Wreaths", "04. Flower Wreaths\04. Flower Wreaths.csproj", "{7FD7FF74-999E-4313-9CEE-A6608AA25183}"
EndProject
Project("{9A19103F-16F7-4668-BE54-9A1E7A4F7556}") = "05. Bee", "05. Bee\05. Bee.csproj", "{A16ED616-C28C-44DE-B701-41AB12EF4480}"
EndProject
Project("{9A19103F-16F7-4668-BE54-9A1E7A4F7556}") = "06. VetClinic", "06. VetClinic\06. VetClinic.csproj", "{DCFFDA15-D1BA-4B2B-B617-EC19652A11C6}"
EndProject
Project("{9A19103F-16F7-4668-BE54-9A1E7A4F7556}") = "07. Scheduling", "07. Scheduling\07. Scheduling.csproj", "{C6F04436-7CB3-4E3D-B506-FC5D2BEB5E73}"
EndProject
Project("{9A19103F-16F7-4668-BE54-9A1E7A4F7556}") = "08. Garden", "08. Garden\08. Garden.csproj", "{BDD4CE4F-204C-47FC-856E-6CDC41A4C64E}"
EndProject
Project("{9A19103F-16F7-4668-BE54-9A1E7A4F7556}") = "09. Classroom", "09. Classroom\09. Classroom.csproj", "{4488333D-CE0F-4AED-9DD2-7911D51A771B}"
EndProject
Project("{FAE04EC0-301F-11D3-BF4B-00C04F79EFBC}") = "10. Cooking", "10. Cooking\10. Cooking.csproj", "{66E67161-68A0-4BDF-BAFB-A919B997D78F}"
EndProject
Project("{FAE04EC0-301F-11D3-BF4B-00C04F79EFBC}") = "11. Selling", "11. Selling\11. Selling.csproj", "{8D3768E5-4D21-41AF-AA1D-5ED5456FD105}"
EndProject
Global
	GlobalSection(SolutionConfigurationPlatforms) = preSolution
		Debug|Any CPU = Debug|Any CPU
		Release|Any CPU = Release|Any CPU
	EndGlobalSection
	GlobalSection(ProjectConfigurationPlatforms) = postSolution
		{D225CA4E-0AEB-4BF1-9F93-CA1B90EA3B55}.Debug|Any CPU.ActiveCfg = Debug|Any CPU
		{D225CA4E-0AEB-4BF1-9F93-CA1B90EA3B55}.Debug|Any CPU.Build.0 = Debug|Any CPU
		{D225CA4E-0AEB-4BF1-9F93-CA1B90EA3B55}.Release|Any CPU.ActiveCfg = Release|Any CPU
		{D225CA4E-0AEB-4BF1-9F93-CA1B90EA3B55}.Release|Any CPU.Build.0 = Release|Any CPU
		{D17EBE66-9577-4036-BFC7-304D0EE5A619}.Debug|Any CPU.ActiveCfg = Debug|Any CPU
		{D17EBE66-9577-4036-BFC7-304D0EE5A619}.Debug|Any CPU.Build.0 = Debug|Any CPU
		{D17EBE66-9577-4036-BFC7-304D0EE5A619}.Release|Any CPU.ActiveCfg = Release|Any CPU
		{D17EBE66-9577-4036-BFC7-304D0EE5A619}.Release|Any CPU.Build.0 = Release|Any CPU
		{0AE7234C-8443-45DC-97FF-976525561849}.Debug|Any CPU.ActiveCfg = Debug|Any CPU
		{0AE7234C-8443-45DC-97FF-976525561849}.Debug|Any CPU.Build.0 = Debug|Any CPU
		{0AE7234C-8443-45DC-97FF-976525561849}.Release|Any CPU.ActiveCfg = Release|Any CPU
		{0AE7234C-8443-45DC-97FF-976525561849}.Release|Any CPU.Build.0 = Release|Any CPU
		{7FD7FF74-999E-4313-9CEE-A6608AA25183}.Debug|Any CPU.ActiveCfg = Debug|Any CPU
		{7FD7FF74-999E-4313-9CEE-A6608AA25183}.Debug|Any CPU.Build.0 = Debug|Any CPU
		{7FD7FF74-999E-4313-9CEE-A6608AA25183}.Release|Any CPU.ActiveCfg = Release|Any CPU
		{7FD7FF74-999E-4313-9CEE-A6608AA25183}.Release|Any CPU.Build.0 = Release|Any CPU
		{A16ED616-C28C-44DE-B701-41AB12EF4480}.Debug|Any CPU.ActiveCfg = Debug|Any CPU
		{A16ED616-C28C-44DE-B701-41AB12EF4480}.Debug|Any CPU.Build.0 = Debug|Any CPU
		{A16ED616-C28C-44DE-B701-41AB12EF4480}.Release|Any CPU.ActiveCfg = Release|Any CPU
		{A16ED616-C28C-44DE-B701-41AB12EF4480}.Release|Any CPU.Build.0 = Release|Any CPU
		{DCFFDA15-D1BA-4B2B-B617-EC19652A11C6}.Debug|Any CPU.ActiveCfg = Debug|Any CPU
		{DCFFDA15-D1BA-4B2B-B617-EC19652A11C6}.Debug|Any CPU.Build.0 = Debug|Any CPU
		{DCFFDA15-D1BA-4B2B-B617-EC19652A11C6}.Release|Any CPU.ActiveCfg = Release|Any CPU
		{DCFFDA15-D1BA-4B2B-B617-EC19652A11C6}.Release|Any CPU.Build.0 = Release|Any CPU
		{C6F04436-7CB3-4E3D-B506-FC5D2BEB5E73}.Debug|Any CPU.ActiveCfg = Debug|Any CPU
		{C6F04436-7CB3-4E3D-B506-FC5D2BEB5E73}.Debug|Any CPU.Build.0 = Debug|Any CPU
		{C6F04436-7CB3-4E3D-B506-FC5D2BEB5E73}.Release|Any CPU.ActiveCfg = Release|Any CPU
		{C6F04436-7CB3-4E3D-B506-FC5D2BEB5E73}.Release|Any CPU.Build.0 = Release|Any CPU
		{BDD4CE4F-204C-47FC-856E-6CDC41A4C64E}.Debug|Any CPU.ActiveCfg = Debug|Any CPU
		{BDD4CE4F-204C-47FC-856E-6CDC41A4C64E}.Debug|Any CPU.Build.0 = Debug|Any CPU
		{BDD4CE4F-204C-47FC-856E-6CDC41A4C64E}.Release|Any CPU.ActiveCfg = Release|Any CPU
		{BDD4CE4F-204C-47FC-856E-6CDC41A4C64E}.Release|Any CPU.Build.0 = Release|Any CPU
		{4488333D-CE0F-4AED-9DD2-7911D51A771B}.Debug|Any CPU.ActiveCfg = Debug|Any CPU
		{4488333D-CE0F-4AED-9DD2-7911D51A771B}.Debug|Any CPU.Build.0 = Debug|Any CPU
		{4488333D-CE0F-4AED-9DD2-7911D51A771B}.Release|Any CPU.ActiveCfg = Release|Any CPU
		{4488333D-CE0F-4AED-9DD2-7911D51A771B}.Release|Any CPU.Build.0 = Release|Any CPU
		{66E67161-68A0-4BDF-BAFB-A919B997D78F}.Debug|Any CPU.ActiveCfg = Debug|Any CPU
		{66E67161-68A0-4BDF-BAFB-A919B997D78F}.Debug|Any CPU.Build.0 = Debug|Any CPU
		{66E67161-68A0-4BDF-BAFB-A919B997D78F}.Release|Any CPU.ActiveCfg = Release|Any CPU
		{66E67161-68A0-4BDF-BAFB-A919B997D78F}.Release|Any CPU.Build.0 = Release|Any CPU
		{8D3768E5-4D21-41AF-AA1D-5ED5456FD105}.Debug|Any CPU.ActiveCfg = Debug|Any CPU
		{8D3768E5-4D21-41AF-AA1D-5ED5456FD105}.Debug|Any CPU.Build.0 = Debug|Any CPU
		{8D3768E5-4D21-41AF-AA1D-5ED5456FD105}.Release|Any CPU.ActiveCfg = Release|Any CPU
		{8D3768E5-4D21-41AF-AA1D-5ED5456FD105}.Release|Any CPU.Build.0 = Release|Any CPU
	EndGlobalSection
	GlobalSection(SolutionProperties) = preSolution
		HideSolutionNode = FALSE
	EndGlobalSection
	GlobalSection(ExtensibilityGlobals) = postSolution
		SolutionGuid = {B5A01420-8671-4EE7-BF40-005AB67B5FCA}
	EndGlobalSection
EndGlobal
