
Microsoft Visual Studio Solution File, Format Version 12.00
# Visual Studio Version 17
VisualStudioVersion = 17.3.32825.248
MinimumVisualStudioVersion = 10.0.40219.1
Project("{9A19103F-16F7-4668-BE54-9A1E7A4F7556}") = "02. Snake", "02. Snake\02. Snake.csproj", "{D225CA4E-0AEB-4BF1-9F93-CA1B90EA3B55}"
EndProject
Project("{9A19103F-16F7-4668-BE54-9A1E7A4F7556}") = "01. Bombs", "01. Bombs\01. Bombs.csproj", "{D17EBE66-9577-4036-BFC7-304D0EE5A619}"
EndProject
Project("{FAE04EC0-301F-11D3-BF4B-00C04F79EFBC}") = "03. Parking", "03. Parking\03. Parking.csproj", "{0AE7234C-8443-45DC-97FF-976525561849}"
EndProject
Global
	GlobalSection(SolutionConfigurationPlatforms) = preSolution
		Debug|Any CPU = Debug|Any CPU
		Release|Any CPU = Release|Any CPU
	EndGlobalSection
	GlobalSection(ProjectConfigurationPlatforms) = postSolution
		{D225CA4E-0AEB-4BF1-9F93-CA1B90EA3B55}.Debug|Any CPU.ActiveCfg = Debug|Any CPU
		{D225CA4E-0AEB-4BF1-9F93-CA1B90EA3B55}.Debug|Any CPU.Build.0 = Debug|Any CPU
		{D225CA4E-0AEB-4BF1-9F93-CA1B90EA3B55}.Release|Any CPU.ActiveCfg = Release|Any CPU
		{D225CA4E-0AEB-4BF1-9F93-CA1B90EA3B55}.Release|Any CPU.Build.0 = Release|Any CPU
		{D17EBE66-9577-4036-BFC7-304D0EE5A619}.Debug|Any CPU.ActiveCfg = Debug|Any CPU
		{D17EBE66-9577-4036-BFC7-304D0EE5A619}.Debug|Any CPU.Build.0 = Debug|Any CPU
		{D17EBE66-9577-4036-BFC7-304D0EE5A619}.Release|Any CPU.ActiveCfg = Release|Any CPU
		{D17EBE66-9577-4036-BFC7-304D0EE5A619}.Release|Any CPU.Build.0 = Release|Any CPU
		{0AE7234C-8443-45DC-97FF-976525561849}.Debug|Any CPU.ActiveCfg = Debug|Any CPU
		{0AE7234C-8443-45DC-97FF-976525561849}.Debug|Any CPU.Build.0 = Debug|Any CPU
		{0AE7234C-8443-45DC-97FF-976525561849}.Release|Any CPU.ActiveCfg = Release|Any CPU
		{0AE7234C-8443-45DC-97FF-976525561849}.Release|Any CPU.Build.0 = Release|Any CPU
	EndGlobalSection
	GlobalSection(SolutionProperties) = preSolution
		HideSolutionNode = FALSE
	EndGlobalSection
	GlobalSection(ExtensibilityGlobals) = postSolution
		SolutionGuid = {B5A01420-8671-4EE7-BF40-005AB67B5FCA}
	EndGlobalSection
EndGlobal
