
Microsoft Visual Studio Solution File, Format Version 12.00
# Visual Studio Version 17
VisualStudioVersion = 17.7.34221.43
MinimumVisualStudioVersion = 10.0.40219.1
Project("{FAE04EC0-301F-11D3-BF4B-00C04F79EFBC}") = "HighwayToPeak", "HighwayToPeak\HighwayToPeak.csproj", "{E9A795CB-F313-473C-A48E-267754CA5EA6}"
EndProject
Global
	GlobalSection(SolutionConfigurationPlatforms) = preSolution
		Debug|Any CPU = Debug|Any CPU
		Release|Any CPU = Release|Any CPU
	EndGlobalSection
	GlobalSection(ProjectConfigurationPlatforms) = postSolution
		{E9A795CB-F313-473C-A48E-267754CA5EA6}.Debug|Any CPU.ActiveCfg = Debug|Any CPU
		{E9A795CB-F313-473C-A48E-267754CA5EA6}.Debug|Any CPU.Build.0 = Debug|Any CPU
		{E9A795CB-F313-473C-A48E-267754CA5EA6}.Release|Any CPU.ActiveCfg = Release|Any CPU
		{E9A795CB-F313-473C-A48E-267754CA5EA6}.Release|Any CPU.Build.0 = Release|Any CPU
	EndGlobalSection
	GlobalSection(SolutionProperties) = preSolution
		HideSolutionNode = FALSE
	EndGlobalSection
	GlobalSection(ExtensibilityGlobals) = postSolution
		SolutionGuid = {A7AF913C-64E0-4DF4-8D51-2DDDCE396550}
	EndGlobalSection
EndGlobal
