
Microsoft Visual Studio Solution File, Format Version 12.00
# Visual Studio Version 17
VisualStudioVersion = 17.3.32825.248
MinimumVisualStudioVersion = 10.0.40219.1
Project("{FAE04EC0-301F-11D3-BF4B-00C04F79EFBC}") = "01. Box", "01. Box\01. Box.csproj", "{E0781375-AC8F-4E64-BB38-CABD3330891F}"
EndProject
Project("{FAE04EC0-301F-11D3-BF4B-00C04F79EFBC}") = "02. Array Creator", "02. Array Creator\02. Array Creator.csproj", "{D92B3F47-0ADD-4C82-B2BB-3530409610AF}"
EndProject
Project("{FAE04EC0-301F-11D3-BF4B-00C04F79EFBC}") = "03. Generic Scale", "03. Generic Scale\03. Generic Scale.csproj", "{2B9F9FD3-99CF-49C3-A38B-E884F0FD723D}"
EndProject
Global
	GlobalSection(SolutionConfigurationPlatforms) = preSolution
		Debug|Any CPU = Debug|Any CPU
		Release|Any CPU = Release|Any CPU
	EndGlobalSection
	GlobalSection(ProjectConfigurationPlatforms) = postSolution
		{E0781375-AC8F-4E64-BB38-CABD3330891F}.Debug|Any CPU.ActiveCfg = Debug|Any CPU
		{E0781375-AC8F-4E64-BB38-CABD3330891F}.Debug|Any CPU.Build.0 = Debug|Any CPU
		{E0781375-AC8F-4E64-BB38-CABD3330891F}.Release|Any CPU.ActiveCfg = Release|Any CPU
		{E0781375-AC8F-4E64-BB38-CABD3330891F}.Release|Any CPU.Build.0 = Release|Any CPU
		{D92B3F47-0ADD-4C82-B2BB-3530409610AF}.Debug|Any CPU.ActiveCfg = Debug|Any CPU
		{D92B3F47-0ADD-4C82-B2BB-3530409610AF}.Debug|Any CPU.Build.0 = Debug|Any CPU
		{D92B3F47-0ADD-4C82-B2BB-3530409610AF}.Release|Any CPU.ActiveCfg = Release|Any CPU
		{D92B3F47-0ADD-4C82-B2BB-3530409610AF}.Release|Any CPU.Build.0 = Release|Any CPU
		{2B9F9FD3-99CF-49C3-A38B-E884F0FD723D}.Debug|Any CPU.ActiveCfg = Debug|Any CPU
		{2B9F9FD3-99CF-49C3-A38B-E884F0FD723D}.Debug|Any CPU.Build.0 = Debug|Any CPU
		{2B9F9FD3-99CF-49C3-A38B-E884F0FD723D}.Release|Any CPU.ActiveCfg = Release|Any CPU
		{2B9F9FD3-99CF-49C3-A38B-E884F0FD723D}.Release|Any CPU.Build.0 = Release|Any CPU
	EndGlobalSection
	GlobalSection(SolutionProperties) = preSolution
		HideSolutionNode = FALSE
	EndGlobalSection
	GlobalSection(ExtensibilityGlobals) = postSolution
		SolutionGuid = {A49F0DAA-B90C-47A6-B66E-5A15489304CD}
	EndGlobalSection
EndGlobal
