
Microsoft Visual Studio Solution File, Format Version 12.00
# Visual Studio Version 17
VisualStudioVersion = 17.3.32825.248
MinimumVisualStudioVersion = 10.0.40219.1
Project("{FAE04EC0-301F-11D3-BF4B-00C04F79EFBC}") = "Rock – Paper – Scissors", "Rock – Paper – Scissors\Rock – Paper – Scissors.csproj", "{FCE78150-7AB6-4268-8B98-FF9949038F8A}"
EndProject
Global
	GlobalSection(SolutionConfigurationPlatforms) = preSolution
		Debug|Any CPU = Debug|Any CPU
		Release|Any CPU = Release|Any CPU
	EndGlobalSection
	GlobalSection(ProjectConfigurationPlatforms) = postSolution
		{FCE78150-7AB6-4268-8B98-FF9949038F8A}.Debug|Any CPU.ActiveCfg = Debug|Any CPU
		{FCE78150-7AB6-4268-8B98-FF9949038F8A}.Debug|Any CPU.Build.0 = Debug|Any CPU
		{FCE78150-7AB6-4268-8B98-FF9949038F8A}.Release|Any CPU.ActiveCfg = Release|Any CPU
		{FCE78150-7AB6-4268-8B98-FF9949038F8A}.Release|Any CPU.Build.0 = Release|Any CPU
	EndGlobalSection
	GlobalSection(SolutionProperties) = preSolution
		HideSolutionNode = FALSE
	EndGlobalSection
	GlobalSection(ExtensibilityGlobals) = postSolution
		SolutionGuid = {882F27C8-E27F-40BE-A220-95FE98BB8BE6}
	EndGlobalSection
EndGlobal
