
Microsoft Visual Studio Solution File, Format Version 12.00
# Visual Studio Version 17
VisualStudioVersion = 17.8.34309.116
MinimumVisualStudioVersion = 10.0.40219.1
Project("{FAE04EC0-301F-11D3-BF4B-00C04F79EFBC}") = "ChatApp", "ChatApp.csproj", "{B3E34D03-CCF5-4953-BFBA-1B1C7D6C5DA3}"
EndProject
Global
	GlobalSection(SolutionConfigurationPlatforms) = preSolution
		Debug|Any CPU = Debug|Any CPU
		Release|Any CPU = Release|Any CPU
	EndGlobalSection
	GlobalSection(ProjectConfigurationPlatforms) = postSolution
		{B3E34D03-CCF5-4953-BFBA-1B1C7D6C5DA3}.Debug|Any CPU.ActiveCfg = Debug|Any CPU
		{B3E34D03-CCF5-4953-BFBA-1B1C7D6C5DA3}.Debug|Any CPU.Build.0 = Debug|Any CPU
		{B3E34D03-CCF5-4953-BFBA-1B1C7D6C5DA3}.Release|Any CPU.ActiveCfg = Release|Any CPU
		{B3E34D03-CCF5-4953-BFBA-1B1C7D6C5DA3}.Release|Any CPU.Build.0 = Release|Any CPU
	EndGlobalSection
	GlobalSection(SolutionProperties) = preSolution
		HideSolutionNode = FALSE
	EndGlobalSection
	GlobalSection(ExtensibilityGlobals) = postSolution
		SolutionGuid = {52C097C1-80FA-44E1-9717-1C4D38708BAD}
	EndGlobalSection
EndGlobal
