
Microsoft Visual Studio Solution File, Format Version 12.00
# Visual Studio Version 17
VisualStudioVersion = 17.3.32825.248
MinimumVisualStudioVersion = 10.0.40219.1
Project("{9A19103F-16F7-4668-BE54-9A1E7A4F7556}") = "01. Even Lines", "01. Even Lines\01. Even Lines.csproj", "{C6DA700A-41DA-498A-9009-799AB05231C4}"
EndProject
Project("{9A19103F-16F7-4668-BE54-9A1E7A4F7556}") = "02. Line Numbers", "02. Line Numbers\02. Line Numbers.csproj", "{5A61C251-CBBF-449A-B726-9272649FC259}"
EndProject
Project("{9A19103F-16F7-4668-BE54-9A1E7A4F7556}") = "03. Copy Binary File", "03. Copy Binary File\03. Copy Binary File.csproj", "{AA8242CE-B649-4F64-BFBD-E8875EABEE9C}"
EndProject
Project("{9A19103F-16F7-4668-BE54-9A1E7A4F7556}") = "04. Directory Traversal", "04. Directory Traversal\04. Directory Traversal.csproj", "{3B20736D-3528-4578-A8B4-C71C903C65E1}"
EndProject
Project("{FAE04EC0-301F-11D3-BF4B-00C04F79EFBC}") = "05. Copy Directory", "05. Copy Directory\05. Copy Directory.csproj", "{BFCD09ED-888B-42D9-94DC-9F07F9BB01FA}"
EndProject
Project("{FAE04EC0-301F-11D3-BF4B-00C04F79EFBC}") = "06. Zip and Extracts", "06. Zip and Extracts\06. Zip and Extracts.csproj", "{77E0B811-4193-42AD-AE7D-CE036C8150F6}"
EndProject
Global
	GlobalSection(SolutionConfigurationPlatforms) = preSolution
		Debug|Any CPU = Debug|Any CPU
		Release|Any CPU = Release|Any CPU
	EndGlobalSection
	GlobalSection(ProjectConfigurationPlatforms) = postSolution
		{C6DA700A-41DA-498A-9009-799AB05231C4}.Debug|Any CPU.ActiveCfg = Debug|Any CPU
		{C6DA700A-41DA-498A-9009-799AB05231C4}.Debug|Any CPU.Build.0 = Debug|Any CPU
		{C6DA700A-41DA-498A-9009-799AB05231C4}.Release|Any CPU.ActiveCfg = Release|Any CPU
		{C6DA700A-41DA-498A-9009-799AB05231C4}.Release|Any CPU.Build.0 = Release|Any CPU
		{5A61C251-CBBF-449A-B726-9272649FC259}.Debug|Any CPU.ActiveCfg = Debug|Any CPU
		{5A61C251-CBBF-449A-B726-9272649FC259}.Debug|Any CPU.Build.0 = Debug|Any CPU
		{5A61C251-CBBF-449A-B726-9272649FC259}.Release|Any CPU.ActiveCfg = Release|Any CPU
		{5A61C251-CBBF-449A-B726-9272649FC259}.Release|Any CPU.Build.0 = Release|Any CPU
		{AA8242CE-B649-4F64-BFBD-E8875EABEE9C}.Debug|Any CPU.ActiveCfg = Debug|Any CPU
		{AA8242CE-B649-4F64-BFBD-E8875EABEE9C}.Debug|Any CPU.Build.0 = Debug|Any CPU
		{AA8242CE-B649-4F64-BFBD-E8875EABEE9C}.Release|Any CPU.ActiveCfg = Release|Any CPU
		{AA8242CE-B649-4F64-BFBD-E8875EABEE9C}.Release|Any CPU.Build.0 = Release|Any CPU
		{3B20736D-3528-4578-A8B4-C71C903C65E1}.Debug|Any CPU.ActiveCfg = Debug|Any CPU
		{3B20736D-3528-4578-A8B4-C71C903C65E1}.Debug|Any CPU.Build.0 = Debug|Any CPU
		{3B20736D-3528-4578-A8B4-C71C903C65E1}.Release|Any CPU.ActiveCfg = Release|Any CPU
		{3B20736D-3528-4578-A8B4-C71C903C65E1}.Release|Any CPU.Build.0 = Release|Any CPU
		{BFCD09ED-888B-42D9-94DC-9F07F9BB01FA}.Debug|Any CPU.ActiveCfg = Debug|Any CPU
		{BFCD09ED-888B-42D9-94DC-9F07F9BB01FA}.Debug|Any CPU.Build.0 = Debug|Any CPU
		{BFCD09ED-888B-42D9-94DC-9F07F9BB01FA}.Release|Any CPU.ActiveCfg = Release|Any CPU
		{BFCD09ED-888B-42D9-94DC-9F07F9BB01FA}.Release|Any CPU.Build.0 = Release|Any CPU
		{77E0B811-4193-42AD-AE7D-CE036C8150F6}.Debug|Any CPU.ActiveCfg = Debug|Any CPU
		{77E0B811-4193-42AD-AE7D-CE036C8150F6}.Debug|Any CPU.Build.0 = Debug|Any CPU
		{77E0B811-4193-42AD-AE7D-CE036C8150F6}.Release|Any CPU.ActiveCfg = Release|Any CPU
		{77E0B811-4193-42AD-AE7D-CE036C8150F6}.Release|Any CPU.Build.0 = Release|Any CPU
	EndGlobalSection
	GlobalSection(SolutionProperties) = preSolution
		HideSolutionNode = FALSE
	EndGlobalSection
	GlobalSection(ExtensibilityGlobals) = postSolution
		SolutionGuid = {39A71DB1-23AE-4463-96AA-80B9C6A7C9A8}
	EndGlobalSection
EndGlobal
